
Microsoft Visual Studio Solution File, Format Version 12.00
# Visual Studio Version 17
VisualStudioVersion = 17.2.32519.379
MinimumVisualStudioVersion = 10.0.40219.1
Project("{FAE04EC0-301F-11D3-BF4B-00C04F79EFBC}") = "UnconvGalRW", "UnconvGalRW\UnconvGalRW.csproj", "{8A17E801-E5C0-48B4-87DB-DB707735DD1B}"
EndProject
Global
	GlobalSection(SolutionConfigurationPlatforms) = preSolution
		Debug|Any CPU = Debug|Any CPU
		Release|Any CPU = Release|Any CPU
	EndGlobalSection
	GlobalSection(ProjectConfigurationPlatforms) = postSolution
		{8A17E801-E5C0-48B4-87DB-DB707735DD1B}.Debug|Any CPU.ActiveCfg = Debug|Any CPU
		{8A17E801-E5C0-48B4-87DB-DB707735DD1B}.Debug|Any CPU.Build.0 = Debug|Any CPU
		{8A17E801-E5C0-48B4-87DB-DB707735DD1B}.Release|Any CPU.ActiveCfg = Release|Any CPU
		{8A17E801-E5C0-48B4-87DB-DB707735DD1B}.Release|Any CPU.Build.0 = Release|Any CPU
	EndGlobalSection
	GlobalSection(SolutionProperties) = preSolution
		HideSolutionNode = FALSE
	EndGlobalSection
	GlobalSection(ExtensibilityGlobals) = postSolution
		SolutionGuid = {E5940A9A-6F1F-4476-8C83-4B9CDC3EACC2}
	EndGlobalSection
EndGlobal
